{
  "pins" : [
    {
      "identity" : "wwmotiongraphictransition",
      "kind" : "remoteSourceControl",
      "location" : "https://github.com/William-Weng/WWMotionGraphicTransition",
      "state" : {
        "revision" : "9c785886e1ccc9bb6b5b9d5d44c734439793ea15",
        "version" : "1.1.0"
      }
    }
  ],
  "version" : 2
}
