{
  "pins" : [
    {
      "identity" : "wwmotiongraphictransition",
      "kind" : "remoteSourceControl",
      "location" : "https://github.com/William-Weng/WWMotionGraphicTransition",
      "state" : {
        "revision" : "7aec3ba0531bce5f85bfb7233db67af2158d8837",
        "version" : "1.0.1"
      }
    }
  ],
  "version" : 2
}
