{
  "pins" : [
    {
      "identity" : "wwmotiongraphictransition",
      "kind" : "remoteSourceControl",
      "location" : "https://github.com/William-Weng/WWMotionGraphicTransition",
      "state" : {
        "revision" : "cd11cd474e17acc5942e9f4fa90e48d280d219f1",
        "version" : "1.1.3"
      }
    }
  ],
  "version" : 2
}
